Microsoft Visual Studio Solution File, Format Version 11.00
# Visual Studio 2008

Project("{53AB3285-E97F-F16C-1E52-019F1234A5CC}") = "IIA_TP3_v1", "Assembly-CSharp.csproj", "{E1B5DC96-CB47-6DB9-F11F-D239E6C19323}"
EndProject
Global
	GlobalSection(SolutionConfigurationPlatforms) = preSolution
		Debug|Any CPU = Debug|Any CPU
		Release|Any CPU = Release|Any CPU
	EndGlobalSection
	GlobalSection(ProjectConfigurationPlatforms) = postSolution
		{E1B5DC96-CB47-6DB9-F11F-D239E6C19323}.Debug|Any CPU.ActiveCfg = Debug|Any CPU
		{E1B5DC96-CB47-6DB9-F11F-D239E6C19323}.Debug|Any CPU.Build.0 = Debug|Any CPU
		{E1B5DC96-CB47-6DB9-F11F-D239E6C19323}.Release|Any CPU.ActiveCfg = Release|Any CPU
		{E1B5DC96-CB47-6DB9-F11F-D239E6C19323}.Release|Any CPU.Build.0 = Release|Any CPU
	EndGlobalSection
	GlobalSection(SolutionProperties) = preSolution
		HideSolutionNode = FALSE
	EndGlobalSection
	GlobalSection(MonoDevelopProperties) = preSolution
		StartupItem = Assembly-CSharp.csproj
	EndGlobalSection
EndGlobal
